# This file is automatically @generated by Cargo.
# It is not intended for manual editing.
version = 3

[[package]]
name = "execution"
version = "0.1.0"
dependencies = [
 "reflect-macro",
 "reflect-type-utilities",
]

[[package]]
name = "reflect-macro"
version = "0.1.0"

[[package]]
name = "reflect-type-utilities"
version = "0.1.0"
